
Microsoft Visual Studio Solution File, Format Version 12.00
# Visual Studio Version 17
VisualStudioVersion = 17.9.34728.123
MinimumVisualStudioVersion = 10.0.40219.1
Project("{9A19103F-16F7-4668-BE54-9A1E7A4F7556}") = "NLoggify", "NLoggify\NLoggify.csproj", "{11E1C9EE-D523-47DC-9A6C-E0FF310EB916}"
EndProject
Project("{9A19103F-16F7-4668-BE54-9A1E7A4F7556}") = "NLoggify.UnitTests", "NLoggify.UnitTests\NLoggify.UnitTests.csproj", "{3906A5ED-7F1E-4366-9079-DB0CE090916B}"
EndProject
Project("{FAE04EC0-301F-11D3-BF4B-00C04F79EFBC}") = "Nloggify.Tests", "Nloggify.Tests\Nloggify.Tests.csproj", "{746FCA05-5026-4D27-B1C7-F007A5D163A4}"
EndProject
Global
	GlobalSection(SolutionConfigurationPlatforms) = preSolution
		Debug|Any CPU = Debug|Any CPU
		Release|Any CPU = Release|Any CPU
	EndGlobalSection
	GlobalSection(ProjectConfigurationPlatforms) = postSolution
		{11E1C9EE-D523-47DC-9A6C-E0FF310EB916}.Debug|Any CPU.ActiveCfg = Debug|Any CPU
		{11E1C9EE-D523-47DC-9A6C-E0FF310EB916}.Debug|Any CPU.Build.0 = Debug|Any CPU
		{11E1C9EE-D523-47DC-9A6C-E0FF310EB916}.Release|Any CPU.ActiveCfg = Release|Any CPU
		{11E1C9EE-D523-47DC-9A6C-E0FF310EB916}.Release|Any CPU.Build.0 = Release|Any CPU
		{3906A5ED-7F1E-4366-9079-DB0CE090916B}.Debug|Any CPU.ActiveCfg = Debug|Any CPU
		{3906A5ED-7F1E-4366-9079-DB0CE090916B}.Debug|Any CPU.Build.0 = Debug|Any CPU
		{3906A5ED-7F1E-4366-9079-DB0CE090916B}.Release|Any CPU.ActiveCfg = Release|Any CPU
		{3906A5ED-7F1E-4366-9079-DB0CE090916B}.Release|Any CPU.Build.0 = Release|Any CPU
		{746FCA05-5026-4D27-B1C7-F007A5D163A4}.Debug|Any CPU.ActiveCfg = Debug|Any CPU
		{746FCA05-5026-4D27-B1C7-F007A5D163A4}.Debug|Any CPU.Build.0 = Debug|Any CPU
		{746FCA05-5026-4D27-B1C7-F007A5D163A4}.Release|Any CPU.ActiveCfg = Release|Any CPU
		{746FCA05-5026-4D27-B1C7-F007A5D163A4}.Release|Any CPU.Build.0 = Release|Any CPU
	EndGlobalSection
	GlobalSection(SolutionProperties) = preSolution
		HideSolutionNode = FALSE
	EndGlobalSection
	GlobalSection(ExtensibilityGlobals) = postSolution
		SolutionGuid = {04A13997-6F34-4221-AEC9-8B90472A9969}
	EndGlobalSection
EndGlobal
